# This file is automatically @generated by Poetry 1.8.4 and should not be changed by hand.

[[package]]
name = "docling-parse"
version = "2.1.1"
description = "Simple package to extract text with coordinates from programmatic PDFs"
optional = false
python-versions = "<4.0,>=3.9"
files = [
    {file = "docling_parse-2.1.1-cp310-cp310-macosx_13_0_arm64.whl", hash = "sha256:a53eda4863b2c9b5fc6f0794e8949a331156a7095a6e6a504ad9c958ad919b84"},
    {file = "docling_parse-2.1.1-cp310-cp310-macosx_13_0_x86_64.whl", hash = "sha256:dfe47a32a2a32b6869c9a52c1e1c114275dc126b22744e50809dbd7b144356dd"},
    {file = "docling_parse-2.1.1-cp310-cp310-macosx_14_0_arm64.whl", hash = "sha256:afaa4455d911344c47cd023e8f3559b0f86f7ddfc2950e45335d656655e974fe"},
    {file = "docling_parse-2.1.1-cp310-cp310-macosx_14_0_x86_64.whl", hash = "sha256:c8897c0d985092a67d02b5a60330fac78a0518cbcab425e19d7d45e02800a884"},
    {file = "docling_parse-2.1.1-cp311-cp311-macosx_13_0_arm64.whl", hash = "sha256:2c6cb749b2491bf37ca08bd92e98481ae33f6c1745abe09f608f5a4bd4311478"},
    {file = "docling_parse-2.1.1-cp311-cp311-macosx_14_0_arm64.whl", hash = "sha256:e8b0bbf4c5ebf137e3b5365e75ab48432f2e3daedcb40084d8a066b5de0a6a3a"},
    {file = "docling_parse-2.1.1-cp311-cp311-macosx_14_0_x86_64.whl", hash = "sha256:f43d9ad8338e2a39fb4c66faa782ef6046da5b1788d0bcf8e8e757924119f796"},
    {file = "docling_parse-2.1.1-cp311-cp311-win_amd64.whl", hash = "sha256:150cab9ee13ddc2473fcc70481aa2ff1c9c58e36d0baed6adc62b4bd91f0ea31"},
    {file = "docling_parse-2.1.1-cp312-cp312-macosx_14_0_arm64.whl", hash = "sha256:013a1d352a368ce38bbd9d7739c02ba12e1915ae02a35cd35d339c1366f9324b"},
    {file = "docling_parse-2.1.1-cp312-cp312-win_amd64.whl", hash = "sha256:85d53d212cd0964cd205cb37e61d9d2dacc401a4c243749184779daf826ad4f5"},
    {file = "docling_parse-2.1.1-cp313-cp313-win_amd64.whl", hash = "sha256:537678c2b790ed54e75e6d08c72f3e9af3afe5d73bd7ef06b6c377640496e313"},
    {file = "docling_parse-2.1.1-cp39-cp39-win_amd64.whl", hash = "sha256:169822b79e79890753f236647c5f5b9d734ba481293c4134efff692edff0acde"},
]

[package.dependencies]
pywin32 = {version = ">=305", markers = "sys_platform == \"win32\""}
tabulate = ">=0.9.0,<1.0.0"

[[package]]
name = "pywin32"
version = "308"
description = "Python for Window Extensions"
optional = false
python-versions = "*"
files = [
    {file = "pywin32-308-cp310-cp310-win32.whl", hash = "sha256:796ff4426437896550d2981b9c2ac0ffd75238ad9ea2d3bfa67a1abd546d262e"},
    {file = "pywin32-308-cp310-cp310-win_amd64.whl", hash = "sha256:4fc888c59b3c0bef905ce7eb7e2106a07712015ea1c8234b703a088d46110e8e"},
    {file = "pywin32-308-cp310-cp310-win_arm64.whl", hash = "sha256:a5ab5381813b40f264fa3495b98af850098f814a25a63589a8e9eb12560f450c"},
    {file = "pywin32-308-cp311-cp311-win32.whl", hash = "sha256:5d8c8015b24a7d6855b1550d8e660d8daa09983c80e5daf89a273e5c6fb5095a"},
    {file = "pywin32-308-cp311-cp311-win_amd64.whl", hash = "sha256:575621b90f0dc2695fec346b2d6302faebd4f0f45c05ea29404cefe35d89442b"},
    {file = "pywin32-308-cp311-cp311-win_arm64.whl", hash = "sha256:100a5442b7332070983c4cd03f2e906a5648a5104b8a7f50175f7906efd16bb6"},
    {file = "pywin32-308-cp312-cp312-win32.whl", hash = "sha256:587f3e19696f4bf96fde9d8a57cec74a57021ad5f204c9e627e15c33ff568897"},
    {file = "pywin32-308-cp312-cp312-win_amd64.whl", hash = "sha256:00b3e11ef09ede56c6a43c71f2d31857cf7c54b0ab6e78ac659497abd2834f47"},
    {file = "pywin32-308-cp312-cp312-win_arm64.whl", hash = "sha256:9b4de86c8d909aed15b7011182c8cab38c8850de36e6afb1f0db22b8959e3091"},
    {file = "pywin32-308-cp313-cp313-win32.whl", hash = "sha256:1c44539a37a5b7b21d02ab34e6a4d314e0788f1690d65b48e9b0b89f31abbbed"},
    {file = "pywin32-308-cp313-cp313-win_amd64.whl", hash = "sha256:fd380990e792eaf6827fcb7e187b2b4b1cede0585e3d0c9e84201ec27b9905e4"},
    {file = "pywin32-308-cp313-cp313-win_arm64.whl", hash = "sha256:ef313c46d4c18dfb82a2431e3051ac8f112ccee1a34f29c263c583c568db63cd"},
    {file = "pywin32-308-cp37-cp37m-win32.whl", hash = "sha256:1f696ab352a2ddd63bd07430080dd598e6369152ea13a25ebcdd2f503a38f1ff"},
    {file = "pywin32-308-cp37-cp37m-win_amd64.whl", hash = "sha256:13dcb914ed4347019fbec6697a01a0aec61019c1046c2b905410d197856326a6"},
    {file = "pywin32-308-cp38-cp38-win32.whl", hash = "sha256:5794e764ebcabf4ff08c555b31bd348c9025929371763b2183172ff4708152f0"},
    {file = "pywin32-308-cp38-cp38-win_amd64.whl", hash = "sha256:3b92622e29d651c6b783e368ba7d6722b1634b8e70bd376fd7610fe1992e19de"},
    {file = "pywin32-308-cp39-cp39-win32.whl", hash = "sha256:7873ca4dc60ab3287919881a7d4f88baee4a6e639aa6962de25a98ba6b193341"},
    {file = "pywin32-308-cp39-cp39-win_amd64.whl", hash = "sha256:71b3322d949b4cc20776436a9c9ba0eeedcbc9c650daa536df63f0ff111bb920"},
]

[[package]]
name = "tabulate"
version = "0.9.0"
description = "Pretty-print tabular data"
optional = false
python-versions = ">=3.7"
files = [
    {file = "tabulate-0.9.0-py3-none-any.whl", hash = "sha256:024ca478df22e9340661486f85298cff5f6dcdba14f3813e8830015b9ed1948f"},
    {file = "tabulate-0.9.0.tar.gz", hash = "sha256:0095b12bf5966de529c0feb1fa08671671b3368eec77d7ef7ab114be2c068b3c"},
]

[package.extras]
widechars = ["wcwidth"]

[metadata]
lock-version = "2.0"
python-versions = "^3.10"
content-hash = "8d97e2d1e2e0e047822336c318829aff34a3e003d5a9efde3d6bb28aae2b131b"
